
Microsoft Visual Studio Solution File, Format Version 12.00
# Visual Studio 2012
Project("{FAE04EC0-301F-11D3-BF4B-00C04F79EFBC}") = "ForeignExchange2", "ForeignExchange2\ForeignExchange2.csproj", "{2B4B668A-2008-4520-ACFB-520CA252D832}"
EndProject
Project("{FAE04EC0-301F-11D3-BF4B-00C04F79EFBC}") = "ForeignExchange2.iOS", "iOS\ForeignExchange2.iOS.csproj", "{61A8E928-09FA-4EB3-B3AF-75EFBB6CB650}"
EndProject
Project("{FAE04EC0-301F-11D3-BF4B-00C04F79EFBC}") = "ForeignExchange2.Droid", "Droid\ForeignExchange2.Droid.csproj", "{C2224674-E3D6-469A-9F99-2FE83C8D449F}"
EndProject
Global
	GlobalSection(SolutionConfigurationPlatforms) = preSolution
		Debug|Any CPU = Debug|Any CPU
		Release|Any CPU = Release|Any CPU
		Debug|iPhoneSimulator = Debug|iPhoneSimulator
		Release|iPhone = Release|iPhone
		Release|iPhoneSimulator = Release|iPhoneSimulator
		Debug|iPhone = Debug|iPhone
	EndGlobalSection
	GlobalSection(ProjectConfigurationPlatforms) = postSolution
		{2B4B668A-2008-4520-ACFB-520CA252D832}.Debug|Any CPU.ActiveCfg = Debug|Any CPU
		{2B4B668A-2008-4520-ACFB-520CA252D832}.Debug|Any CPU.Build.0 = Debug|Any CPU
		{2B4B668A-2008-4520-ACFB-520CA252D832}.Release|Any CPU.ActiveCfg = Release|Any CPU
		{2B4B668A-2008-4520-ACFB-520CA252D832}.Release|Any CPU.Build.0 = Release|Any CPU
		{2B4B668A-2008-4520-ACFB-520CA252D832}.Debug|iPhoneSimulator.ActiveCfg = Debug|Any CPU
		{2B4B668A-2008-4520-ACFB-520CA252D832}.Debug|iPhoneSimulator.Build.0 = Debug|Any CPU
		{2B4B668A-2008-4520-ACFB-520CA252D832}.Release|iPhone.ActiveCfg = Release|Any CPU
		{2B4B668A-2008-4520-ACFB-520CA252D832}.Release|iPhone.Build.0 = Release|Any CPU
		{2B4B668A-2008-4520-ACFB-520CA252D832}.Release|iPhoneSimulator.ActiveCfg = Release|Any CPU
		{2B4B668A-2008-4520-ACFB-520CA252D832}.Release|iPhoneSimulator.Build.0 = Release|Any CPU
		{2B4B668A-2008-4520-ACFB-520CA252D832}.Debug|iPhone.ActiveCfg = Debug|Any CPU
		{2B4B668A-2008-4520-ACFB-520CA252D832}.Debug|iPhone.Build.0 = Debug|Any CPU
		{61A8E928-09FA-4EB3-B3AF-75EFBB6CB650}.Debug|Any CPU.ActiveCfg = Debug|iPhoneSimulator
		{61A8E928-09FA-4EB3-B3AF-75EFBB6CB650}.Debug|Any CPU.Build.0 = Debug|iPhoneSimulator
		{61A8E928-09FA-4EB3-B3AF-75EFBB6CB650}.Release|Any CPU.ActiveCfg = Release|iPhone
		{61A8E928-09FA-4EB3-B3AF-75EFBB6CB650}.Release|Any CPU.Build.0 = Release|iPhone
		{61A8E928-09FA-4EB3-B3AF-75EFBB6CB650}.Debug|iPhoneSimulator.ActiveCfg = Debug|iPhoneSimulator
		{61A8E928-09FA-4EB3-B3AF-75EFBB6CB650}.Debug|iPhoneSimulator.Build.0 = Debug|iPhoneSimulator
		{61A8E928-09FA-4EB3-B3AF-75EFBB6CB650}.Release|iPhone.ActiveCfg = Release|iPhone
		{61A8E928-09FA-4EB3-B3AF-75EFBB6CB650}.Release|iPhone.Build.0 = Release|iPhone
		{61A8E928-09FA-4EB3-B3AF-75EFBB6CB650}.Release|iPhoneSimulator.ActiveCfg = Release|iPhoneSimulator
		{61A8E928-09FA-4EB3-B3AF-75EFBB6CB650}.Release|iPhoneSimulator.Build.0 = Release|iPhoneSimulator
		{61A8E928-09FA-4EB3-B3AF-75EFBB6CB650}.Debug|iPhone.ActiveCfg = Debug|iPhone
		{61A8E928-09FA-4EB3-B3AF-75EFBB6CB650}.Debug|iPhone.Build.0 = Debug|iPhone
		{C2224674-E3D6-469A-9F99-2FE83C8D449F}.Debug|Any CPU.ActiveCfg = Debug|Any CPU
		{C2224674-E3D6-469A-9F99-2FE83C8D449F}.Debug|Any CPU.Build.0 = Debug|Any CPU
		{C2224674-E3D6-469A-9F99-2FE83C8D449F}.Release|Any CPU.ActiveCfg = Release|Any CPU
		{C2224674-E3D6-469A-9F99-2FE83C8D449F}.Release|Any CPU.Build.0 = Release|Any CPU
		{C2224674-E3D6-469A-9F99-2FE83C8D449F}.Debug|iPhoneSimulator.ActiveCfg = Debug|Any CPU
		{C2224674-E3D6-469A-9F99-2FE83C8D449F}.Debug|iPhoneSimulator.Build.0 = Debug|Any CPU
		{C2224674-E3D6-469A-9F99-2FE83C8D449F}.Release|iPhone.ActiveCfg = Release|Any CPU
		{C2224674-E3D6-469A-9F99-2FE83C8D449F}.Release|iPhone.Build.0 = Release|Any CPU
		{C2224674-E3D6-469A-9F99-2FE83C8D449F}.Release|iPhoneSimulator.ActiveCfg = Release|Any CPU
		{C2224674-E3D6-469A-9F99-2FE83C8D449F}.Release|iPhoneSimulator.Build.0 = Release|Any CPU
		{C2224674-E3D6-469A-9F99-2FE83C8D449F}.Debug|iPhone.ActiveCfg = Debug|Any CPU
		{C2224674-E3D6-469A-9F99-2FE83C8D449F}.Debug|iPhone.Build.0 = Debug|Any CPU
	EndGlobalSection
EndGlobal
